Microsoft Visual Studio Solution File, Format Version 12.00
# Visual Studio Version 16
VisualStudioVersion = 16.0.29806.167
MinimumVisualStudioVersion = 15.0.26124.0
Project("{FAE04EC0-301F-11D3-BF4B-00C04F79EFBC}") = "InstallmentCalculator", "InstallmentCalculator\InstallmentCalculator.csproj", "{B8C59197-50BA-4512-9A65-86AAB04E3FC9}"
EndProject
Project("{FAE04EC0-301F-11D3-BF4B-00C04F79EFBC}") = "Zip.InstallmentsService_New", "Zip.InstallmentsService_New\Zip.InstallmentsService_New.csproj", "{96E2E1C2-E5E0-415E-88CF-34EA89AF3F41}"
EndProject
Project("{FAE04EC0-301F-11D3-BF4B-00C04F79EFBC}") = "InstallmentCalculatorTest", "InstallmentCalculatorTest\InstallmentCalculatorTest.csproj", "{1FE0245A-0CED-488D-99FD-E4CA1661FC9B}"
EndProject
Global
	GlobalSection(SolutionConfigurationPlatforms) = preSolution
		Debug|Any CPU = Debug|Any CPU
		Debug|x64 = Debug|x64
		Debug|x86 = Debug|x86
		Release|Any CPU = Release|Any CPU
		Release|x64 = Release|x64
		Release|x86 = Release|x86
	EndGlobalSection
	GlobalSection(ProjectConfigurationPlatforms) = postSolution
		{B8C59197-50BA-4512-9A65-86AAB04E3FC9}.Debug|Any CPU.ActiveCfg = Debug|Any CPU
		{B8C59197-50BA-4512-9A65-86AAB04E3FC9}.Debug|Any CPU.Build.0 = Debug|Any CPU
		{B8C59197-50BA-4512-9A65-86AAB04E3FC9}.Debug|x64.ActiveCfg = Debug|Any CPU
		{B8C59197-50BA-4512-9A65-86AAB04E3FC9}.Debug|x64.Build.0 = Debug|Any CPU
		{B8C59197-50BA-4512-9A65-86AAB04E3FC9}.Debug|x86.ActiveCfg = Debug|Any CPU
		{B8C59197-50BA-4512-9A65-86AAB04E3FC9}.Debug|x86.Build.0 = Debug|Any CPU
		{B8C59197-50BA-4512-9A65-86AAB04E3FC9}.Release|Any CPU.ActiveCfg = Release|Any CPU
		{B8C59197-50BA-4512-9A65-86AAB04E3FC9}.Release|Any CPU.Build.0 = Release|Any CPU
		{B8C59197-50BA-4512-9A65-86AAB04E3FC9}.Release|x64.ActiveCfg = Release|Any CPU
		{B8C59197-50BA-4512-9A65-86AAB04E3FC9}.Release|x64.Build.0 = Release|Any CPU
		{B8C59197-50BA-4512-9A65-86AAB04E3FC9}.Release|x86.ActiveCfg = Release|Any CPU
		{B8C59197-50BA-4512-9A65-86AAB04E3FC9}.Release|x86.Build.0 = Release|Any CPU
		{96E2E1C2-E5E0-415E-88CF-34EA89AF3F41}.Debug|Any CPU.ActiveCfg = Debug|Any CPU
		{96E2E1C2-E5E0-415E-88CF-34EA89AF3F41}.Debug|Any CPU.Build.0 = Debug|Any CPU
		{96E2E1C2-E5E0-415E-88CF-34EA89AF3F41}.Debug|x64.ActiveCfg = Debug|Any CPU
		{96E2E1C2-E5E0-415E-88CF-34EA89AF3F41}.Debug|x64.Build.0 = Debug|Any CPU
		{96E2E1C2-E5E0-415E-88CF-34EA89AF3F41}.Debug|x86.ActiveCfg = Debug|Any CPU
		{96E2E1C2-E5E0-415E-88CF-34EA89AF3F41}.Debug|x86.Build.0 = Debug|Any CPU
		{96E2E1C2-E5E0-415E-88CF-34EA89AF3F41}.Release|Any CPU.ActiveCfg = Release|Any CPU
		{96E2E1C2-E5E0-415E-88CF-34EA89AF3F41}.Release|Any CPU.Build.0 = Release|Any CPU
		{96E2E1C2-E5E0-415E-88CF-34EA89AF3F41}.Release|x64.ActiveCfg = Release|Any CPU
		{96E2E1C2-E5E0-415E-88CF-34EA89AF3F41}.Release|x64.Build.0 = Release|Any CPU
		{96E2E1C2-E5E0-415E-88CF-34EA89AF3F41}.Release|x86.ActiveCfg = Release|Any CPU
		{96E2E1C2-E5E0-415E-88CF-34EA89AF3F41}.Release|x86.Build.0 = Release|Any CPU
		{1FE0245A-0CED-488D-99FD-E4CA1661FC9B}.Debug|Any CPU.ActiveCfg = Debug|Any CPU
		{1FE0245A-0CED-488D-99FD-E4CA1661FC9B}.Debug|Any CPU.Build.0 = Debug|Any CPU
		{1FE0245A-0CED-488D-99FD-E4CA1661FC9B}.Debug|x64.ActiveCfg = Debug|Any CPU
		{1FE0245A-0CED-488D-99FD-E4CA1661FC9B}.Debug|x64.Build.0 = Debug|Any CPU
		{1FE0245A-0CED-488D-99FD-E4CA1661FC9B}.Debug|x86.ActiveCfg = Debug|Any CPU
		{1FE0245A-0CED-488D-99FD-E4CA1661FC9B}.Debug|x86.Build.0 = Debug|Any CPU
		{1FE0245A-0CED-488D-99FD-E4CA1661FC9B}.Release|Any CPU.ActiveCfg = Release|Any CPU
		{1FE0245A-0CED-488D-99FD-E4CA1661FC9B}.Release|Any CPU.Build.0 = Release|Any CPU
		{1FE0245A-0CED-488D-99FD-E4CA1661FC9B}.Release|x64.ActiveCfg = Release|Any CPU
		{1FE0245A-0CED-488D-99FD-E4CA1661FC9B}.Release|x64.Build.0 = Release|Any CPU
		{1FE0245A-0CED-488D-99FD-E4CA1661FC9B}.Release|x86.ActiveCfg = Release|Any CPU
		{1FE0245A-0CED-488D-99FD-E4CA1661FC9B}.Release|x86.Build.0 = Release|Any CPU
	EndGlobalSection
	GlobalSection(SolutionProperties) = preSolution
		HideSolutionNode = FALSE
	EndGlobalSection
	GlobalSection(ExtensibilityGlobals) = postSolution
		SolutionGuid = {DB4B2047-D1AE-4B14-9E00-13390DA93632}
	EndGlobalSection
EndGlobal
